
Microsoft Visual Studio Solution File, Format Version 12.00
# Visual Studio Version 17
VisualStudioVersion = 17.14.37111.16 d17.14
MinimumVisualStudioVersion = 10.0.40219.1
Project("{FAE04EC0-301F-11D3-BF4B-00C04F79EFBC}") = "PatientAppointmentSystem", "PatientAppointmentSystem.csproj", "{F9DF2CB3-5AC2-46EB-96A6-5D3BBE713719}"
EndProject
Global
	GlobalSection(SolutionConfigurationPlatforms) = preSolution
		Debug|Any CPU = Debug|Any CPU
		Release|Any CPU = Release|Any CPU
	EndGlobalSection
	GlobalSection(ProjectConfigurationPlatforms) = postSolution
		{F9DF2CB3-5AC2-46EB-96A6-5D3BBE713719}.Debug|Any CPU.ActiveCfg = Debug|Any CPU
		{F9DF2CB3-5AC2-46EB-96A6-5D3BBE713719}.Debug|Any CPU.Build.0 = Debug|Any CPU
		{F9DF2CB3-5AC2-46EB-96A6-5D3BBE713719}.Release|Any CPU.ActiveCfg = Release|Any CPU
		{F9DF2CB3-5AC2-46EB-96A6-5D3BBE713719}.Release|Any CPU.Build.0 = Release|Any CPU
	EndGlobalSection
	GlobalSection(SolutionProperties) = preSolution
		HideSolutionNode = FALSE
	EndGlobalSection
	GlobalSection(ExtensibilityGlobals) = postSolution
		SolutionGuid = {8AA5E927-1835-479D-B706-CEBF1B7C29EA}
	EndGlobalSection
EndGlobal
